{
  "pins" : [
    {
      "identity" : "swiftlyui",
      "kind" : "remoteSourceControl",
      "location" : "https://github.com/SwiftlyWorkspace/SwiftlyUI.git",
      "state" : {
        "branch" : "main",
        "revision" : "304763b72e2ce306e25f4cc1423b0a6787017031"
      }
    }
  ],
  "version" : 2
}
