{
  "pins" : [
    {
      "identity" : "swiftlyui",
      "kind" : "remoteSourceControl",
      "location" : "https://github.com/SwiftlyWorkspace/SwiftlyUI.git",
      "state" : {
        "revision" : "b964f9d9bf6493c73b36e1d79bf073bc2e26bbd0",
        "version" : "1.1.1"
      }
    }
  ],
  "version" : 2
}
