{
  "originHash" : "1856da42e15f32291fb0a292a722f5a342fed098e46cf1d446bf131680c68da9",
  "pins" : [
    {
      "identity" : "swiftlyui",
      "kind" : "remoteSourceControl",
      "location" : "https://github.com/SwiftlyWorkspace/SwiftlyUI.git",
      "state" : {
        "branch" : "main",
        "revision" : "34d2866a817d0a63e28cbd6dcb390df85b9bcc78"
      }
    }
  ],
  "version" : 3
}
