{
  "originHash" : "1856da42e15f32291fb0a292a722f5a342fed098e46cf1d446bf131680c68da9",
  "pins" : [
    {
      "identity" : "swiftlyui",
      "kind" : "remoteSourceControl",
      "location" : "https://github.com/SwiftlyWorkspace/SwiftlyUI.git",
      "state" : {
        "revision" : "797da801de6ff2c7015143ad923bcdcaadf22e03",
        "version" : "0.0.2"
      }
    }
  ],
  "version" : 3
}
